
Microsoft Visual Studio Solution File, Format Version 12.00
# Visual Studio Version 16
VisualStudioVersion = 16.0.29424.173
MinimumVisualStudioVersion = 10.0.40219.1
Project("{FAE04EC0-301F-11D3-BF4B-00C04F79EFBC}") = "KlpToJekyll", "KlpToJekyll.csproj", "{551D2A44-549E-4D12-88B9-A8F83267D173}"
EndProject
Global
	GlobalSection(SolutionConfigurationPlatforms) = preSolution
		Debug|Any CPU = Debug|Any CPU
		Release|Any CPU = Release|Any CPU
	EndGlobalSection
	GlobalSection(ProjectConfigurationPlatforms) = postSolution
		{551D2A44-549E-4D12-88B9-A8F83267D173}.Debug|Any CPU.ActiveCfg = Debug|Any CPU
		{551D2A44-549E-4D12-88B9-A8F83267D173}.Debug|Any CPU.Build.0 = Debug|Any CPU
		{551D2A44-549E-4D12-88B9-A8F83267D173}.Release|Any CPU.ActiveCfg = Release|Any CPU
		{551D2A44-549E-4D12-88B9-A8F83267D173}.Release|Any CPU.Build.0 = Release|Any CPU
	EndGlobalSection
	GlobalSection(SolutionProperties) = preSolution
		HideSolutionNode = FALSE
	EndGlobalSection
	GlobalSection(ExtensibilityGlobals) = postSolution
		SolutionGuid = {4498FC3F-FBAC-4554-A61A-10CF1AF592ED}
	EndGlobalSection
EndGlobal
